// !$*UTF8*$!
{
	archiveVersion = 1;
	classes = {
	};
	objectVersion = 50;
	objects = {

/* Begin PBXBuildFile section */
		FD74247A20889F360035982F /* EKPhotoListViewController.m in Sources */ = {isa = PBXBuildFile; fileRef = FD74247920889F360035982F /* EKPhotoListViewController.m */; };
		FD74247F2089C1A40035982F /* EKPhotoListCell.m in Sources */ = {isa = PBXBuildFile; fileRef = FD74247E2089C1A40035982F /* EKPhotoListCell.m */; };
		FD7424892089CFED0035982F /* EKPhotoController.m in Sources */ = {isa = PBXBuildFile; fileRef = FD7424882089CFED0035982F /* EKPhotoController.m */; };
		FD74249A2089F28C0035982F /* EKAsset.m in Sources */ = {isa = PBXBuildFile; fileRef = FD7424992089F28C0035982F /* EKAsset.m */; };
		FD74249D208D91510035982F /* EKImageView.m in Sources */ = {isa = PBXBuildFile; fileRef = FD74249C208D91510035982F /* EKImageView.m */; };
		FD7424A0208DB2DC0035982F /* EKCollectionViewCell.m in Sources */ = {isa = PBXBuildFile; fileRef = FD74249E208DB2DB0035982F /* EKCollectionViewCell.m */; };
		FD7424A2208DB8730035982F /* EKImageView.bundle in Resources */ = {isa = PBXBuildFile; fileRef = FD7424A1208DB8730035982F /* EKImageView.bundle */; };
		FD7424AD208DB91D0035982F /* add_camera@2x.png in Resources */ = {isa = PBXBuildFile; fileRef = FD7424A4208DB91C0035982F /* add_camera@2x.png */; };
		FD7424AE208DB91D0035982F /* select_no.png in Resources */ = {isa = PBXBuildFile; fileRef = FD7424A5208DB91C0035982F /* select_no.png */; };
		FD7424AF208DB91D0035982F /* rightCell.png in Resources */ = {isa = PBXBuildFile; fileRef = FD7424A6208DB91C0035982F /* rightCell.png */; };
		FD7424B0208DB91D0035982F /* nookDeleteBtn@2x.png in Resources */ = {isa = PBXBuildFile; fileRef = FD7424A7208DB91C0035982F /* nookDeleteBtn@2x.png */; };
		FD7424B1208DB91D0035982F /* nookDeleteBtn@3x.png in Resources */ = {isa = PBXBuildFile; fileRef = FD7424A8208DB91D0035982F /* nookDeleteBtn@3x.png */; };
		FD7424B2208DB91D0035982F /* nookDeleteBtn.png in Resources */ = {isa = PBXBuildFile; fileRef = FD7424A9208DB91D0035982F /* nookDeleteBtn.png */; };
		FD7424B3208DB91D0035982F /* select_yes.png in Resources */ = {isa = PBXBuildFile; fileRef = FD7424AA208DB91D0035982F /* select_yes.png */; };
		FD7424B4208DB91D0035982F /* add_camera@3x.png in Resources */ = {isa = PBXBuildFile; fileRef = FD7424AB208DB91D0035982F /* add_camera@3x.png */; };
		FD7424B5208DB91D0035982F /* no_data.png in Resources */ = {isa = PBXBuildFile; fileRef = FD7424AC208DB91D0035982F /* no_data.png */; };
		FD7424B8208DD02F0035982F /* UIImage+EKFixOrientation.m in Sources */ = {isa = PBXBuildFile; fileRef = FD7424B6208DD02E0035982F /* UIImage+EKFixOrientation.m */; };
		FD7555812085CF3C00AFD90C /* AppDelegate.m in Sources */ = {isa = PBXBuildFile; fileRef = FD7555802085CF3C00AFD90C /* AppDelegate.m */; };
		FD7555842085CF3C00AFD90C /* ViewController.m in Sources */ = {isa = PBXBuildFile; fileRef = FD7555832085CF3C00AFD90C /* ViewController.m */; };
		FD7555872085CF3C00AFD90C /* Main.storyboard in Resources */ = {isa = PBXBuildFile; fileRef = FD7555852085CF3C00AFD90C /* Main.storyboard */; };
		FD7555892085CF3D00AFD90C /* Assets.xcassets in Resources */ = {isa = PBXBuildFile; fileRef = FD7555882085CF3D00AFD90C /* Assets.xcassets */; };
		FD75558C2085CF3D00AFD90C /* LaunchScreen.storyboard in Resources */ = {isa = PBXBuildFile; fileRef = FD75558A2085CF3D00AFD90C /* LaunchScreen.storyboard */; };
		FD75558F2085CF3D00AFD90C /* main.m in Sources */ = {isa = PBXBuildFile; fileRef = FD75558E2085CF3D00AFD90C /* main.m */; };
		FD75559A2085D05100AFD90C /* UIView+EKValue.m in Sources */ = {isa = PBXBuildFile; fileRef = FD7555992085D05100AFD90C /* UIView+EKValue.m */; };
		FD7556AC2086EB3900AFD90C /* EKPhotoPreviewController.m in Sources */ = {isa = PBXBuildFile; fileRef = FD7556AB2086EB3900AFD90C /* EKPhotoPreviewController.m */; };
		FD7556AF2086EF2700AFD90C /* EKPhotoPreviewCell.m in Sources */ = {isa = PBXBuildFile; fileRef = FD7556AE2086EF2700AFD90C /* EKPhotoPreviewCell.m */; };
		FD7556B22086F57700AFD90C /* 01.JPG in Resources */ = {isa = PBXBuildFile; fileRef = FD7556B02086F57700AFD90C /* 01.JPG */; };
		FD7556B32086F57700AFD90C /* 00.JPG in Resources */ = {isa = PBXBuildFile; fileRef = FD7556B12086F57700AFD90C /* 00.JPG */; };
		FD7556B82087166400AFD90C /* EKAlbumModel.m in Sources */ = {isa = PBXBuildFile; fileRef = FD7556B72087166400AFD90C /* EKAlbumModel.m */; };
		FD7556BB208717C600AFD90C /* EKAssetModel.m in Sources */ = {isa = PBXBuildFile; fileRef = FD7556BA208717C600AFD90C /* EKAssetModel.m */; };
		FD7556BE2087196200AFD90C /* EKPhotoPickerController.m in Sources */ = {isa = PBXBuildFile; fileRef = FD7556BD2087196200AFD90C /* EKPhotoPickerController.m */; };
		FD7556C120871FB700AFD90C /* EKAssetCell.m in Sources */ = {isa = PBXBuildFile; fileRef = FD7556C020871FB700AFD90C /* EKAssetCell.m */; };
		FD7556C72087418A00AFD90C /* EKImageManager.m in Sources */ = {isa = PBXBuildFile; fileRef = FD7556C62087418A00AFD90C /* EKImageManager.m */; };
/* End PBXBuildFile section */

/* Begin PBXFileReference section */
		FD74247820889F360035982F /* EKPhotoListViewController.h */ = {isa = PBXFileReference; lastKnownFileType = sourcecode.c.h; path = EKPhotoListViewController.h; sourceTree = "<group>"; };
		FD74247920889F360035982F /* EKPhotoListViewController.m */ = {isa = PBXFileReference; lastKnownFileType = sourcecode.c.objc; path = EKPhotoListViewController.m; sourceTree = "<group>"; };
		FD74247D2089C1A40035982F /* EKPhotoListCell.h */ = {isa = PBXFileReference; lastKnownFileType = sourcecode.c.h; path = EKPhotoListCell.h; sourceTree = "<group>"; };
		FD74247E2089C1A40035982F /* EKPhotoListCell.m */ = {isa = PBXFileReference; lastKnownFileType = sourcecode.c.objc; path = EKPhotoListCell.m; sourceTree = "<group>"; };
		FD7424872089CFED0035982F /* EKPhotoController.h */ = {isa = PBXFileReference; lastKnownFileType = sourcecode.c.h; path = EKPhotoController.h; sourceTree = "<group>"; };
		FD7424882089CFED0035982F /* EKPhotoController.m */ = {isa = PBXFileReference; lastKnownFileType = sourcecode.c.objc; path = EKPhotoController.m; sourceTree = "<group>"; };
		FD7424982089F28C0035982F /* EKAsset.h */ = {isa = PBXFileReference; lastKnownFileType = sourcecode.c.h; path = EKAsset.h; sourceTree = "<group>"; };
		FD7424992089F28C0035982F /* EKAsset.m */ = {isa = PBXFileReference; lastKnownFileType = sourcecode.c.objc; path = EKAsset.m; sourceTree = "<group>"; };
		FD74249B208D91510035982F /* EKImageView.h */ = {isa = PBXFileReference; lastKnownFileType = sourcecode.c.h; path = EKImageView.h; sourceTree = "<group>"; };
		FD74249C208D91510035982F /* EKImageView.m */ = {isa = PBXFileReference; lastKnownFileType = sourcecode.c.objc; path = EKImageView.m; sourceTree = "<group>"; };
		FD74249E208DB2DB0035982F /* EKCollectionViewCell.m */ = {isa = PBXFileReference; fileEncoding = 4; lastKnownFileType = sourcecode.c.objc; path = EKCollectionViewCell.m; sourceTree = "<group>"; };
		FD74249F208DB2DB0035982F /* EKCollectionViewCell.h */ = {isa = PBXFileReference; fileEncoding = 4; lastKnownFileType = sourcecode.c.h; path = EKCollectionViewCell.h; sourceTree = "<group>"; };
		FD7424A1208DB8730035982F /* EKImageView.bundle */ = {isa = PBXFileReference; lastKnownFileType = "wrapper.plug-in"; path = EKImageView.bundle; sourceTree = "<group>"; };
		FD7424A4208DB91C0035982F /* add_camera@2x.png */ = {isa = PBXFileReference; lastKnownFileType = image.png; path = "add_camera@2x.png"; sourceTree = "<group>"; };
		FD7424A5208DB91C0035982F /* select_no.png */ = {isa = PBXFileReference; lastKnownFileType = image.png; path = select_no.png; sourceTree = "<group>"; };
		FD7424A6208DB91C0035982F /* rightCell.png */ = {isa = PBXFileReference; lastKnownFileType = image.png; path = rightCell.png; sourceTree = "<group>"; };
		FD7424A7208DB91C0035982F /* nookDeleteBtn@2x.png */ = {isa = PBXFileReference; lastKnownFileType = image.png; path = "nookDeleteBtn@2x.png"; sourceTree = "<group>"; };
		FD7424A8208DB91D0035982F /* nookDeleteBtn@3x.png */ = {isa = PBXFileReference; lastKnownFileType = image.png; path = "nookDeleteBtn@3x.png"; sourceTree = "<group>"; };
		FD7424A9208DB91D0035982F /* nookDeleteBtn.png */ = {isa = PBXFileReference; lastKnownFileType = image.png; path = nookDeleteBtn.png; sourceTree = "<group>"; };
		FD7424AA208DB91D0035982F /* select_yes.png */ = {isa = PBXFileReference; lastKnownFileType = image.png; path = select_yes.png; sourceTree = "<group>"; };
		FD7424AB208DB91D0035982F /* add_camera@3x.png */ = {isa = PBXFileReference; lastKnownFileType = image.png; path = "add_camera@3x.png"; sourceTree = "<group>"; };
		FD7424AC208DB91D0035982F /* no_data.png */ = {isa = PBXFileReference; lastKnownFileType = image.png; path = no_data.png; sourceTree = "<group>"; };
		FD7424B6208DD02E0035982F /* UIImage+EKFixOrientation.m */ = {isa = PBXFileReference; fileEncoding = 4; lastKnownFileType = sourcecode.c.objc; path = "UIImage+EKFixOrientation.m"; sourceTree = "<group>"; };
		FD7424B7208DD02E0035982F /* UIImage+EKFixOrientation.h */ = {isa = PBXFileReference; fileEncoding = 4; lastKnownFileType = sourcecode.c.h; path = "UIImage+EKFixOrientation.h"; sourceTree = "<group>"; };
		FD75557C2085CF3C00AFD90C /* EKImagePickerController.app */ = {isa = PBXFileReference; explicitFileType = wrapper.application; includeInIndex = 0; path = EKImagePickerController.app; sourceTree = BUILT_PRODUCTS_DIR; };
		FD75557F2085CF3C00AFD90C /* AppDelegate.h */ = {isa = PBXFileReference; lastKnownFileType = sourcecode.c.h; path = AppDelegate.h; sourceTree = "<group>"; };
		FD7555802085CF3C00AFD90C /* AppDelegate.m */ = {isa = PBXFileReference; lastKnownFileType = sourcecode.c.objc; path = AppDelegate.m; sourceTree = "<group>"; };
		FD7555822085CF3C00AFD90C /* ViewController.h */ = {isa = PBXFileReference; lastKnownFileType = sourcecode.c.h; path = ViewController.h; sourceTree = "<group>"; };
		FD7555832085CF3C00AFD90C /* ViewController.m */ = {isa = PBXFileReference; lastKnownFileType = sourcecode.c.objc; path = ViewController.m; sourceTree = "<group>"; };
		FD7555862085CF3C00AFD90C /* Base */ = {isa = PBXFileReference; lastKnownFileType = file.storyboard; name = Base; path = Base.lproj/Main.storyboard; sourceTree = "<group>"; };
		FD7555882085CF3D00AFD90C /* Assets.xcassets */ = {isa = PBXFileReference; lastKnownFileType = folder.assetcatalog; path = Assets.xcassets; sourceTree = "<group>"; };
		FD75558B2085CF3D00AFD90C /* Base */ = {isa = PBXFileReference; lastKnownFileType = file.storyboard; name = Base; path = Base.lproj/LaunchScreen.storyboard; sourceTree = "<group>"; };
		FD75558D2085CF3D00AFD90C /* Info.plist */ = {isa = PBXFileReference; lastKnownFileType = text.plist.xml; path = Info.plist; sourceTree = "<group>"; };
		FD75558E2085CF3D00AFD90C /* main.m */ = {isa = PBXFileReference; lastKnownFileType = sourcecode.c.objc; path = main.m; sourceTree = "<group>"; };
		FD7555982085D05000AFD90C /* UIView+EKValue.h */ = {isa = PBXFileReference; fileEncoding = 4; lastKnownFileType = sourcecode.c.h; path = "UIView+EKValue.h"; sourceTree = "<group>"; };
		FD7555992085D05100AFD90C /* UIView+EKValue.m */ = {isa = PBXFileReference; fileEncoding = 4; lastKnownFileType = sourcecode.c.objc; path = "UIView+EKValue.m"; sourceTree = "<group>"; };
		FD7556AA2086EB3900AFD90C /* EKPhotoPreviewController.h */ = {isa = PBXFileReference; lastKnownFileType = sourcecode.c.h; path = EKPhotoPreviewController.h; sourceTree = "<group>"; };
		FD7556AB2086EB3900AFD90C /* EKPhotoPreviewController.m */ = {isa = PBXFileReference; lastKnownFileType = sourcecode.c.objc; path = EKPhotoPreviewController.m; sourceTree = "<group>"; };
		FD7556AD2086EF2700AFD90C /* EKPhotoPreviewCell.h */ = {isa = PBXFileReference; lastKnownFileType = sourcecode.c.h; path = EKPhotoPreviewCell.h; sourceTree = "<group>"; };
		FD7556AE2086EF2700AFD90C /* EKPhotoPreviewCell.m */ = {isa = PBXFileReference; lastKnownFileType = sourcecode.c.objc; path = EKPhotoPreviewCell.m; sourceTree = "<group>"; };
		FD7556B02086F57700AFD90C /* 01.JPG */ = {isa = PBXFileReference; lastKnownFileType = image.jpeg; path = 01.JPG; sourceTree = "<group>"; };
		FD7556B12086F57700AFD90C /* 00.JPG */ = {isa = PBXFileReference; lastKnownFileType = image.jpeg; path = 00.JPG; sourceTree = "<group>"; };
		FD7556B62087166400AFD90C /* EKAlbumModel.h */ = {isa = PBXFileReference; lastKnownFileType = sourcecode.c.h; path = EKAlbumModel.h; sourceTree = "<group>"; };
		FD7556B72087166400AFD90C /* EKAlbumModel.m */ = {isa = PBXFileReference; lastKnownFileType = sourcecode.c.objc; path = EKAlbumModel.m; sourceTree = "<group>"; };
		FD7556B9208717C600AFD90C /* EKAssetModel.h */ = {isa = PBXFileReference; lastKnownFileType = sourcecode.c.h; path = EKAssetModel.h; sourceTree = "<group>"; };
		FD7556BA208717C600AFD90C /* EKAssetModel.m */ = {isa = PBXFileReference; lastKnownFileType = sourcecode.c.objc; path = EKAssetModel.m; sourceTree = "<group>"; };
		FD7556BC2087196200AFD90C /* EKPhotoPickerController.h */ = {isa = PBXFileReference; lastKnownFileType = sourcecode.c.h; path = EKPhotoPickerController.h; sourceTree = "<group>"; };
		FD7556BD2087196200AFD90C /* EKPhotoPickerController.m */ = {isa = PBXFileReference; lastKnownFileType = sourcecode.c.objc; path = EKPhotoPickerController.m; sourceTree = "<group>"; };
		FD7556BF20871FB700AFD90C /* EKAssetCell.h */ = {isa = PBXFileReference; lastKnownFileType = sourcecode.c.h; path = EKAssetCell.h; sourceTree = "<group>"; };
		FD7556C020871FB700AFD90C /* EKAssetCell.m */ = {isa = PBXFileReference; lastKnownFileType = sourcecode.c.objc; path = EKAssetCell.m; sourceTree = "<group>"; };
		FD7556C52087418A00AFD90C /* EKImageManager.h */ = {isa = PBXFileReference; lastKnownFileType = sourcecode.c.h; path = EKImageManager.h; sourceTree = "<group>"; };
		FD7556C62087418A00AFD90C /* EKImageManager.m */ = {isa = PBXFileReference; lastKnownFileType = sourcecode.c.objc; path = EKImageManager.m; sourceTree = "<group>"; };
/* End PBXFileReference section */

/* Begin PBXFrameworksBuildPhase section */
		FD7555792085CF3C00AFD90C /* Frameworks */ = {
			isa = PBXFrameworksBuildPhase;
			buildActionMask = 2147483647;
			files = (
			);
			runOnlyForDeploymentPostprocessing = 0;
		};
/* End PBXFrameworksBuildPhase section */

/* Begin PBXGroup section */
		FD7424932089D8E00035982F /* PhotoList */ = {
			isa = PBXGroup;
			children = (
				FD74247820889F360035982F /* EKPhotoListViewController.h */,
				FD74247920889F360035982F /* EKPhotoListViewController.m */,
				FD74247D2089C1A40035982F /* EKPhotoListCell.h */,
				FD74247E2089C1A40035982F /* EKPhotoListCell.m */,
			);
			path = PhotoList;
			sourceTree = "<group>";
		};
		FD7424942089D9030035982F /* Categoty */ = {
			isa = PBXGroup;
			children = (
				FD7424B7208DD02E0035982F /* UIImage+EKFixOrientation.h */,
				FD7424B6208DD02E0035982F /* UIImage+EKFixOrientation.m */,
				FD7555982085D05000AFD90C /* UIView+EKValue.h */,
				FD7555992085D05100AFD90C /* UIView+EKValue.m */,
				FD7424982089F28C0035982F /* EKAsset.h */,
				FD7424992089F28C0035982F /* EKAsset.m */,
			);
			path = Categoty;
			sourceTree = "<group>";
		};
		FD7424A3208DB90A0035982F /* images */ = {
			isa = PBXGroup;
			children = (
				FD7424A4208DB91C0035982F /* add_camera@2x.png */,
				FD7424AB208DB91D0035982F /* add_camera@3x.png */,
				FD7424AC208DB91D0035982F /* no_data.png */,
				FD7424A9208DB91D0035982F /* nookDeleteBtn.png */,
				FD7424A7208DB91C0035982F /* nookDeleteBtn@2x.png */,
				FD7424A8208DB91D0035982F /* nookDeleteBtn@3x.png */,
				FD7424A6208DB91C0035982F /* rightCell.png */,
				FD7424A5208DB91C0035982F /* select_no.png */,
				FD7424AA208DB91D0035982F /* select_yes.png */,
			);
			path = images;
			sourceTree = "<group>";
		};
		FD7555732085CF3C00AFD90C = {
			isa = PBXGroup;
			children = (
				FD75557E2085CF3C00AFD90C /* EKImagePickerController */,
				FD75557D2085CF3C00AFD90C /* Products */,
			);
			sourceTree = "<group>";
		};
		FD75557D2085CF3C00AFD90C /* Products */ = {
			isa = PBXGroup;
			children = (
				FD75557C2085CF3C00AFD90C /* EKImagePickerController.app */,
			);
			name = Products;
			sourceTree = "<group>";
		};
		FD75557E2085CF3C00AFD90C /* EKImagePickerController */ = {
			isa = PBXGroup;
			children = (
				FD7556B12086F57700AFD90C /* 00.JPG */,
				FD7556B02086F57700AFD90C /* 01.JPG */,
				FD75557F2085CF3C00AFD90C /* AppDelegate.h */,
				FD7555802085CF3C00AFD90C /* AppDelegate.m */,
				FD7555822085CF3C00AFD90C /* ViewController.h */,
				FD7555832085CF3C00AFD90C /* ViewController.m */,
				FD7555852085CF3C00AFD90C /* Main.storyboard */,
				FD7555882085CF3D00AFD90C /* Assets.xcassets */,
				FD75558A2085CF3D00AFD90C /* LaunchScreen.storyboard */,
				FD75558D2085CF3D00AFD90C /* Info.plist */,
				FD75558E2085CF3D00AFD90C /* main.m */,
				FD7424A3208DB90A0035982F /* images */,
				FD7556A92086EAF100AFD90C /* EKPreview */,
				FD7424942089D9030035982F /* Categoty */,
				FD7424932089D8E00035982F /* PhotoList */,
				FD7556B5208713CA00AFD90C /* EKAlbum */,
				FD7556BC2087196200AFD90C /* EKPhotoPickerController.h */,
				FD7556BD2087196200AFD90C /* EKPhotoPickerController.m */,
				FD7556BF20871FB700AFD90C /* EKAssetCell.h */,
				FD7556C020871FB700AFD90C /* EKAssetCell.m */,
				FD7556C52087418A00AFD90C /* EKImageManager.h */,
				FD7556C62087418A00AFD90C /* EKImageManager.m */,
				FD7424872089CFED0035982F /* EKPhotoController.h */,
				FD7424882089CFED0035982F /* EKPhotoController.m */,
				FD74249B208D91510035982F /* EKImageView.h */,
				FD74249C208D91510035982F /* EKImageView.m */,
				FD74249F208DB2DB0035982F /* EKCollectionViewCell.h */,
				FD74249E208DB2DB0035982F /* EKCollectionViewCell.m */,
				FD7424A1208DB8730035982F /* EKImageView.bundle */,
			);
			path = EKImagePickerController;
			sourceTree = "<group>";
		};
		FD7556A92086EAF100AFD90C /* EKPreview */ = {
			isa = PBXGroup;
			children = (
				FD7556AD2086EF2700AFD90C /* EKPhotoPreviewCell.h */,
				FD7556AE2086EF2700AFD90C /* EKPhotoPreviewCell.m */,
				FD7556AA2086EB3900AFD90C /* EKPhotoPreviewController.h */,
				FD7556AB2086EB3900AFD90C /* EKPhotoPreviewController.m */,
			);
			path = EKPreview;
			sourceTree = "<group>";
		};
		FD7556B5208713CA00AFD90C /* EKAlbum */ = {
			isa = PBXGroup;
			children = (
				FD7556B62087166400AFD90C /* EKAlbumModel.h */,
				FD7556B72087166400AFD90C /* EKAlbumModel.m */,
				FD7556B9208717C600AFD90C /* EKAssetModel.h */,
				FD7556BA208717C600AFD90C /* EKAssetModel.m */,
			);
			path = EKAlbum;
			sourceTree = "<group>";
		};
/* End PBXGroup section */

/* Begin PBXNativeTarget section */
		FD75557B2085CF3C00AFD90C /* EKImagePickerController */ = {
			isa = PBXNativeTarget;
			buildConfigurationList = FD7555922085CF3D00AFD90C /* Build configuration list for PBXNativeTarget "EKImagePickerController" */;
			buildPhases = (
				FD7555782085CF3C00AFD90C /* Sources */,
				FD7555792085CF3C00AFD90C /* Frameworks */,
				FD75557A2085CF3C00AFD90C /* Resources */,
			);
			buildRules = (
			);
			dependencies = (
			);
			name = EKImagePickerController;
			productName = EKImagePickerController;
			productReference = FD75557C2085CF3C00AFD90C /* EKImagePickerController.app */;
			productType = "com.apple.product-type.application";
		};
/* End PBXNativeTarget section */

/* Begin PBXProject section */
		FD7555742085CF3C00AFD90C /* Project object */ = {
			isa = PBXProject;
			attributes = {
				CLASSPREFIX = EK;
				LastUpgradeCheck = 0930;
				ORGANIZATIONNAME = qiushifa;
				TargetAttributes = {
					FD75557B2085CF3C00AFD90C = {
						CreatedOnToolsVersion = 9.3;
					};
				};
			};
			buildConfigurationList = FD7555772085CF3C00AFD90C /* Build configuration list for PBXProject "EKImagePickerController" */;
			compatibilityVersion = "Xcode 9.3";
			developmentRegion = en;
			hasScannedForEncodings = 0;
			knownRegions = (
				en,
				Base,
			);
			mainGroup = FD7555732085CF3C00AFD90C;
			productRefGroup = FD75557D2085CF3C00AFD90C /* Products */;
			projectDirPath = "";
			projectRoot = "";
			targets = (
				FD75557B2085CF3C00AFD90C /* EKImagePickerController */,
			);
		};
/* End PBXProject section */

/* Begin PBXResourcesBuildPhase section */
		FD75557A2085CF3C00AFD90C /* Resources */ = {
			isa = PBXResourcesBuildPhase;
			buildActionMask = 2147483647;
			files = (
				FD7424AD208DB91D0035982F /* add_camera@2x.png in Resources */,
				FD7424A2208DB8730035982F /* EKImageView.bundle in Resources */,
				FD7424B3208DB91D0035982F /* select_yes.png in Resources */,
				FD75558C2085CF3D00AFD90C /* LaunchScreen.storyboard in Resources */,
				FD7555892085CF3D00AFD90C /* Assets.xcassets in Resources */,
				FD7424AE208DB91D0035982F /* select_no.png in Resources */,
				FD7424B5208DB91D0035982F /* no_data.png in Resources */,
				FD7424B4208DB91D0035982F /* add_camera@3x.png in Resources */,
				FD7555872085CF3C00AFD90C /* Main.storyboard in Resources */,
				FD7556B32086F57700AFD90C /* 00.JPG in Resources */,
				FD7424B0208DB91D0035982F /* nookDeleteBtn@2x.png in Resources */,
				FD7556B22086F57700AFD90C /* 01.JPG in Resources */,
				FD7424B1208DB91D0035982F /* nookDeleteBtn@3x.png in Resources */,
				FD7424B2208DB91D0035982F /* nookDeleteBtn.png in Resources */,
				FD7424AF208DB91D0035982F /* rightCell.png in Resources */,
			);
			runOnlyForDeploymentPostprocessing = 0;
		};
/* End PBXResourcesBuildPhase section */

/* Begin PBXSourcesBuildPhase section */
		FD7555782085CF3C00AFD90C /* Sources */ = {
			isa = PBXSourcesBuildPhase;
			buildActionMask = 2147483647;
			files = (
				FD7424892089CFED0035982F /* EKPhotoController.m in Sources */,
				FD7556C120871FB700AFD90C /* EKAssetCell.m in Sources */,
				FD7424A0208DB2DC0035982F /* EKCollectionViewCell.m in Sources */,
				FD7556AC2086EB3900AFD90C /* EKPhotoPreviewController.m in Sources */,
				FD7556BE2087196200AFD90C /* EKPhotoPickerController.m in Sources */,
				FD7556AF2086EF2700AFD90C /* EKPhotoPreviewCell.m in Sources */,
				FD7555842085CF3C00AFD90C /* ViewController.m in Sources */,
				FD74249D208D91510035982F /* EKImageView.m in Sources */,
				FD75558F2085CF3D00AFD90C /* main.m in Sources */,
				FD74249A2089F28C0035982F /* EKAsset.m in Sources */,
				FD74247F2089C1A40035982F /* EKPhotoListCell.m in Sources */,
				FD7555812085CF3C00AFD90C /* AppDelegate.m in Sources */,
				FD7424B8208DD02F0035982F /* UIImage+EKFixOrientation.m in Sources */,
				FD7556C72087418A00AFD90C /* EKImageManager.m in Sources */,
				FD7556B82087166400AFD90C /* EKAlbumModel.m in Sources */,
				FD7556BB208717C600AFD90C /* EKAssetModel.m in Sources */,
				FD74247A20889F360035982F /* EKPhotoListViewController.m in Sources */,
				FD75559A2085D05100AFD90C /* UIView+EKValue.m in Sources */,
			);
			runOnlyForDeploymentPostprocessing = 0;
		};
/* End PBXSourcesBuildPhase section */

/* Begin PBXVariantGroup section */
		FD7555852085CF3C00AFD90C /* Main.storyboard */ = {
			isa = PBXVariantGroup;
			children = (
				FD7555862085CF3C00AFD90C /* Base */,
			);
			name = Main.storyboard;
			sourceTree = "<group>";
		};
		FD75558A2085CF3D00AFD90C /* LaunchScreen.storyboard */ = {
			isa = PBXVariantGroup;
			children = (
				FD75558B2085CF3D00AFD90C /* Base */,
			);
			name = LaunchScreen.storyboard;
			sourceTree = "<group>";
		};
/* End PBXVariantGroup section */

/* Begin XCBuildConfiguration section */
		FD7555902085CF3D00AFD90C /* Debug */ = {
			isa = XCBuildConfiguration;
			buildSettings = {
				ALWAYS_SEARCH_USER_PATHS = NO;
				CLANG_ANALYZER_NONNULL = YES;
				CLANG_ANALYZER_NUMBER_OBJECT_CONVERSION = YES_AGGRESSIVE;
				CLANG_CXX_LANGUAGE_STANDARD = "gnu++14";
				CLANG_CXX_LIBRARY = "libc++";
				CLANG_ENABLE_MODULES = YES;
				CLANG_ENABLE_OBJC_ARC = YES;
				CLANG_ENABLE_OBJC_WEAK = YES;
				CLANG_WARN_BLOCK_CAPTURE_AUTORELEASING = YES;
				CLANG_WARN_BOOL_CONVERSION = YES;
				CLANG_WARN_COMMA = YES;
				CLANG_WARN_CONSTANT_CONVERSION = YES;
				CLANG_WARN_DEPRECATED_OBJC_IMPLEMENTATIONS = YES;
				CLANG_WARN_DIRECT_OBJC_ISA_USAGE = YES_ERROR;
				CLANG_WARN_DOCUMENTATION_COMMENTS = YES;
				CLANG_WARN_EMPTY_BODY = YES;
				CLANG_WARN_ENUM_CONVERSION = YES;
				CLANG_WARN_INFINITE_RECURSION = YES;
				CLANG_WARN_INT_CONVERSION = YES;
				CLANG_WARN_NON_LITERAL_NULL_CONVERSION = YES;
				CLANG_WARN_OBJC_IMPLICIT_RETAIN_SELF = YES;
				CLANG_WARN_OBJC_LITERAL_CONVERSION = YES;
				CLANG_WARN_OBJC_ROOT_CLASS = YES_ERROR;
				CLANG_WARN_RANGE_LOOP_ANALYSIS = YES;
				CLANG_WARN_STRICT_PROTOTYPES = YES;
				CLANG_WARN_SUSPICIOUS_MOVE = YES;
				CLANG_WARN_UNGUARDED_AVAILABILITY = YES_AGGRESSIVE;
				CLANG_WARN_UNREACHABLE_CODE = YES;
				CLANG_WARN__DUPLICATE_METHOD_MATCH = YES;
				CODE_SIGN_IDENTITY = "iPhone Developer";
				COPY_PHASE_STRIP = NO;
				DEBUG_INFORMATION_FORMAT = dwarf;
				ENABLE_STRICT_OBJC_MSGSEND = YES;
				ENABLE_TESTABILITY = YES;
				GCC_C_LANGUAGE_STANDARD = gnu11;
				GCC_DYNAMIC_NO_PIC = NO;
				GCC_NO_COMMON_BLOCKS = YES;
				GCC_OPTIMIZATION_LEVEL = 0;
				GCC_PREPROCESSOR_DEFINITIONS = (
					"DEBUG=1",
					"$(inherited)",
				);
				GCC_WARN_64_TO_32_BIT_CONVERSION = YES;
				GCC_WARN_ABOUT_RETURN_TYPE = YES_ERROR;
				GCC_WARN_UNDECLARED_SELECTOR = YES;
				GCC_WARN_UNINITIALIZED_AUTOS = YES_AGGRESSIVE;
				GCC_WARN_UNUSED_FUNCTION = YES;
				GCC_WARN_UNUSED_VARIABLE = YES;
				IPHONEOS_DEPLOYMENT_TARGET = 11.3;
				MTL_ENABLE_DEBUG_INFO = YES;
				ONLY_ACTIVE_ARCH = YES;
				SDKROOT = iphoneos;
			};
			name = Debug;
		};
		FD7555912085CF3D00AFD90C /* Release */ = {
			isa = XCBuildConfiguration;
			buildSettings = {
				ALWAYS_SEARCH_USER_PATHS = NO;
				CLANG_ANALYZER_NONNULL = YES;
				CLANG_ANALYZER_NUMBER_OBJECT_CONVERSION = YES_AGGRESSIVE;
				CLANG_CXX_LANGUAGE_STANDARD = "gnu++14";
				CLANG_CXX_LIBRARY = "libc++";
				CLANG_ENABLE_MODULES = YES;
				CLANG_ENABLE_OBJC_ARC = YES;
				CLANG_ENABLE_OBJC_WEAK = YES;
				CLANG_WARN_BLOCK_CAPTURE_AUTORELEASING = YES;
				CLANG_WARN_BOOL_CONVERSION = YES;
				CLANG_WARN_COMMA = YES;
				CLANG_WARN_CONSTANT_CONVERSION = YES;
				CLANG_WARN_DEPRECATED_OBJC_IMPLEMENTATIONS = YES;
				CLANG_WARN_DIRECT_OBJC_ISA_USAGE = YES_ERROR;
				CLANG_WARN_DOCUMENTATION_COMMENTS = YES;
				CLANG_WARN_EMPTY_BODY = YES;
				CLANG_WARN_ENUM_CONVERSION = YES;
				CLANG_WARN_INFINITE_RECURSION = YES;
				CLANG_WARN_INT_CONVERSION = YES;
				CLANG_WARN_NON_LITERAL_NULL_CONVERSION = YES;
				CLANG_WARN_OBJC_IMPLICIT_RETAIN_SELF = YES;
				CLANG_WARN_OBJC_LITERAL_CONVERSION = YES;
				CLANG_WARN_OBJC_ROOT_CLASS = YES_ERROR;
				CLANG_WARN_RANGE_LOOP_ANALYSIS = YES;
				CLANG_WARN_STRICT_PROTOTYPES = YES;
				CLANG_WARN_SUSPICIOUS_MOVE = YES;
				CLANG_WARN_UNGUARDED_AVAILABILITY = YES_AGGRESSIVE;
				CLANG_WARN_UNREACHABLE_CODE = YES;
				CLANG_WARN__DUPLICATE_METHOD_MATCH = YES;
				CODE_SIGN_IDENTITY = "iPhone Developer";
				COPY_PHASE_STRIP = NO;
				DEBUG_INFORMATION_FORMAT = "dwarf-with-dsym";
				ENABLE_NS_ASSERTIONS = NO;
				ENABLE_STRICT_OBJC_MSGSEND = YES;
				GCC_C_LANGUAGE_STANDARD = gnu11;
				GCC_NO_COMMON_BLOCKS = YES;
				GCC_WARN_64_TO_32_BIT_CONVERSION = YES;
				GCC_WARN_ABOUT_RETURN_TYPE = YES_ERROR;
				GCC_WARN_UNDECLARED_SELECTOR = YES;
				GCC_WARN_UNINITIALIZED_AUTOS = YES_AGGRESSIVE;
				GCC_WARN_UNUSED_FUNCTION = YES;
				GCC_WARN_UNUSED_VARIABLE = YES;
				IPHONEOS_DEPLOYMENT_TARGET = 11.3;
				MTL_ENABLE_DEBUG_INFO = NO;
				SDKROOT = iphoneos;
				VALIDATE_PRODUCT = YES;
			};
			name = Release;
		};
		FD7555932085CF3D00AFD90C /* Debug */ = {
			isa = XCBuildConfiguration;
			buildSettings = {
				ASSETCATALOG_COMPILER_APPICON_NAME = AppIcon;
				CODE_SIGN_STYLE = Automatic;
				DEVELOPMENT_TEAM = PZXD4J23YL;
				INFOPLIST_FILE = EKImagePickerController/Info.plist;
				IPHONEOS_DEPLOYMENT_TARGET = 8.0;
				LD_RUNPATH_SEARCH_PATHS = (
					"$(inherited)",
					"@executable_path/Frameworks",
				);
				PRODUCT_BUNDLE_IDENTIFIER = www.qiushifa.github.io.EKImagePickerController;
				PRODUCT_NAME = "$(TARGET_NAME)";
				TARGETED_DEVICE_FAMILY = "1,2";
			};
			name = Debug;
		};
		FD7555942085CF3D00AFD90C /* Release */ = {
			isa = XCBuildConfiguration;
			buildSettings = {
				ASSETCATALOG_COMPILER_APPICON_NAME = AppIcon;
				CODE_SIGN_STYLE = Automatic;
				DEVELOPMENT_TEAM = PZXD4J23YL;
				INFOPLIST_FILE = EKImagePickerController/Info.plist;
				IPHONEOS_DEPLOYMENT_TARGET = 8.0;
				LD_RUNPATH_SEARCH_PATHS = (
					"$(inherited)",
					"@executable_path/Frameworks",
				);
				PRODUCT_BUNDLE_IDENTIFIER = www.qiushifa.github.io.EKImagePickerController;
				PRODUCT_NAME = "$(TARGET_NAME)";
				TARGETED_DEVICE_FAMILY = "1,2";
			};
			name = Release;
		};
/* End XCBuildConfiguration section */

/* Begin XCConfigurationList section */
		FD7555772085CF3C00AFD90C /* Build configuration list for PBXProject "EKImagePickerController" */ = {
			isa = XCConfigurationList;
			buildConfigurations = (
				FD7555902085CF3D00AFD90C /* Debug */,
				FD7555912085CF3D00AFD90C /* Release */,
			);
			defaultConfigurationIsVisible = 0;
			defaultConfigurationName = Release;
		};
		FD7555922085CF3D00AFD90C /* Build configuration list for PBXNativeTarget "EKImagePickerController" */ = {
			isa = XCConfigurationList;
			buildConfigurations = (
				FD7555932085CF3D00AFD90C /* Debug */,
				FD7555942085CF3D00AFD90C /* Release */,
			);
			defaultConfigurationIsVisible = 0;
			defaultConfigurationName = Release;
		};
/* End XCConfigurationList section */
	};
	rootObject = FD7555742085CF3C00AFD90C /* Project object */;
}
